// !$*UTF8*$!
{
	archiveVersion = 1;
	classes = {
	};
	objectVersion = 56;
	objects = {

/* Begin PBXBuildFile section */
		ECBC1C0828FFF1EC000E3F5A /* FlickrAppApp.swift in Sources */ = {isa = PBXBuildFile; fileRef = ECBC1C0728FFF1EC000E3F5A /* FlickrAppApp.swift */; };
		ECBC1C0A28FFF1EC000E3F5A /* ContentView.swift in Sources */ = {isa = PBXBuildFile; fileRef = ECBC1C0928FFF1EC000E3F5A /* ContentView.swift */; };
		ECBC1C0C28FFF1ED000E3F5A /* Assets.xcassets in Resources */ = {isa = PBXBuildFile; fileRef = ECBC1C0B28FFF1ED000E3F5A /* Assets.xcassets */; };
		ECBC1C0F28FFF1ED000E3F5A /* Preview Assets.xcassets in Resources */ = {isa = PBXBuildFile; fileRef = ECBC1C0E28FFF1ED000E3F5A /* Preview Assets.xcassets */; };
		ECBC1C1928FFF1ED000E3F5A /* FlickrAppTests.swift in Sources */ = {isa = PBXBuildFile; fileRef = ECBC1C1828FFF1ED000E3F5A /* FlickrAppTests.swift */; };
		ECBC1C2328FFF1ED000E3F5A /* FlickrAppUITests.swift in Sources */ = {isa = PBXBuildFile; fileRef = ECBC1C2228FFF1ED000E3F5A /* FlickrAppUITests.swift */; };
		ECBC1C2528FFF1ED000E3F5A /* FlickrAppUITestsLaunchTests.swift in Sources */ = {isa = PBXBuildFile; fileRef = ECBC1C2428FFF1ED000E3F5A /* FlickrAppUITestsLaunchTests.swift */; };
/* End PBXBuildFile section */

/* Begin PBXContainerItemProxy section */
		ECBC1C1528FFF1ED000E3F5A /* PBXContainerItemProxy */ = {
			isa = PBXContainerItemProxy;
			containerPortal = ECBC1BFC28FFF1EC000E3F5A /* Project object */;
			proxyType = 1;
			remoteGlobalIDString = ECBC1C0328FFF1EC000E3F5A;
			remoteInfo = FlickrApp;
		};
		ECBC1C1F28FFF1ED000E3F5A /* PBXContainerItemProxy */ = {
			isa = PBXContainerItemProxy;
			containerPortal = ECBC1BFC28FFF1EC000E3F5A /* Project object */;
			proxyType = 1;
			remoteGlobalIDString = ECBC1C0328FFF1EC000E3F5A;
			remoteInfo = FlickrApp;
		};
/* End PBXContainerItemProxy section */

/* Begin PBXFileReference section */
		ECBC1C0428FFF1EC000E3F5A /* FlickrApp.app */ = {isa = PBXFileReference; explicitFileType = wrapper.application; includeInIndex = 0; path = FlickrApp.app; sourceTree = BUILT_PRODUCTS_DIR; };
		ECBC1C0728FFF1EC000E3F5A /* FlickrAppApp.swift */ = {isa = PBXFileReference; lastKnownFileType = sourcecode.swift; path = FlickrAppApp.swift; sourceTree = "<group>"; };
		ECBC1C0928FFF1EC000E3F5A /* ContentView.swift */ = {isa = PBXFileReference; lastKnownFileType = sourcecode.swift; path = ContentView.swift; sourceTree = "<group>"; };
		ECBC1C0B28FFF1ED000E3F5A /* Assets.xcassets */ = {isa = PBXFileReference; lastKnownFileType = folder.assetcatalog; path = Assets.xcassets; sourceTree = "<group>"; };
		ECBC1C0E28FFF1ED000E3F5A /* Preview Assets.xcassets */ = {isa = PBXFileReference; lastKnownFileType = folder.assetcatalog; path = "Preview Assets.xcassets"; sourceTree = "<group>"; };
		ECBC1C1428FFF1ED000E3F5A /* FlickrAppTests.xctest */ = {isa = PBXFileReference; explicitFileType = wrapper.cfbundle; includeInIndex = 0; path = FlickrAppTests.xctest; sourceTree = BUILT_PRODUCTS_DIR; };
		ECBC1C1828FFF1ED000E3F5A /* FlickrAppTests.swift */ = {isa = PBXFileReference; lastKnownFileType = sourcecode.swift; path = FlickrAppTests.swift; sourceTree = "<group>"; };
		ECBC1C1E28FFF1ED000E3F5A /* FlickrAppUITests.xctest */ = {isa = PBXFileReference; explicitFileType = wrapper.cfbundle; includeInIndex = 0; path = FlickrAppUITests.xctest; sourceTree = BUILT_PRODUCTS_DIR; };
		ECBC1C2228FFF1ED000E3F5A /* FlickrAppUITests.swift */ = {isa = PBXFileReference; lastKnownFileType = sourcecode.swift; path = FlickrAppUITests.swift; sourceTree = "<group>"; };
		ECBC1C2428FFF1ED000E3F5A /* FlickrAppUITestsLaunchTests.swift */ = {isa = PBXFileReference; lastKnownFileType = sourcecode.swift; path = FlickrAppUITestsLaunchTests.swift; sourceTree = "<group>"; };
/* End PBXFileReference section */

/* Begin PBXFrameworksBuildPhase section */
		ECBC1C0128FFF1EC000E3F5A /* Frameworks */ = {
			isa = PBXFrameworksBuildPhase;
			buildActionMask = 2147483647;
			files = (
			);
			runOnlyForDeploymentPostprocessing = 0;
		};
		ECBC1C1128FFF1ED000E3F5A /* Frameworks */ = {
			isa = PBXFrameworksBuildPhase;
			buildActionMask = 2147483647;
			files = (
			);
			runOnlyForDeploymentPostprocessing = 0;
		};
		ECBC1C1B28FFF1ED000E3F5A /* Frameworks */ = {
			isa = PBXFrameworksBuildPhase;
			buildActionMask = 2147483647;
			files = (
			);
			runOnlyForDeploymentPostprocessing = 0;
		};
/* End PBXFrameworksBuildPhase section */

/* Begin PBXGroup section */
		ECBC1BFB28FFF1EC000E3F5A = {
			isa = PBXGroup;
			children = (
				ECBC1C0628FFF1EC000E3F5A /* FlickrApp */,
				ECBC1C1728FFF1ED000E3F5A /* FlickrAppTests */,
				ECBC1C2128FFF1ED000E3F5A /* FlickrAppUITests */,
				ECBC1C0528FFF1EC000E3F5A /* Products */,
			);
			sourceTree = "<group>";
		};
		ECBC1C0528FFF1EC000E3F5A /* Products */ = {
			isa = PBXGroup;
			children = (
				ECBC1C0428FFF1EC000E3F5A /* FlickrApp.app */,
				ECBC1C1428FFF1ED000E3F5A /* FlickrAppTests.xctest */,
				ECBC1C1E28FFF1ED000E3F5A /* FlickrAppUITests.xctest */,
			);
			name = Products;
			sourceTree = "<group>";
		};
		ECBC1C0628FFF1EC000E3F5A /* FlickrApp */ = {
			isa = PBXGroup;
			children = (
				ECBC1C0728FFF1EC000E3F5A /* FlickrAppApp.swift */,
				ECBC1C0928FFF1EC000E3F5A /* ContentView.swift */,
				ECBC1C0B28FFF1ED000E3F5A /* Assets.xcassets */,
				ECBC1C0D28FFF1ED000E3F5A /* Preview Content */,
			);
			path = FlickrApp;
			sourceTree = "<group>";
		};
		ECBC1C0D28FFF1ED000E3F5A /* Preview Content */ = {
			isa = PBXGroup;
			children = (
				ECBC1C0E28FFF1ED000E3F5A /* Preview Assets.xcassets */,
			);
			path = "Preview Content";
			sourceTree = "<group>";
		};
		ECBC1C1728FFF1ED000E3F5A /* FlickrAppTests */ = {
			isa = PBXGroup;
			children = (
				ECBC1C1828FFF1ED000E3F5A /* FlickrAppTests.swift */,
			);
			path = FlickrAppTests;
			sourceTree = "<group>";
		};
		ECBC1C2128FFF1ED000E3F5A /* FlickrAppUITests */ = {
			isa = PBXGroup;
			children = (
				ECBC1C2228FFF1ED000E3F5A /* FlickrAppUITests.swift */,
				ECBC1C2428FFF1ED000E3F5A /* FlickrAppUITestsLaunchTests.swift */,
			);
			path = FlickrAppUITests;
			sourceTree = "<group>";
		};
/* End PBXGroup section */

/* Begin PBXNativeTarget section */
		ECBC1C0328FFF1EC000E3F5A /* FlickrApp */ = {
			isa = PBXNativeTarget;
			buildConfigurationList = ECBC1C2828FFF1ED000E3F5A /* Build configuration list for PBXNativeTarget "FlickrApp" */;
			buildPhases = (
				ECBC1C0028FFF1EC000E3F5A /* Sources */,
				ECBC1C0128FFF1EC000E3F5A /* Frameworks */,
				ECBC1C0228FFF1EC000E3F5A /* Resources */,
			);
			buildRules = (
			);
			dependencies = (
			);
			name = FlickrApp;
			productName = FlickrApp;
			productReference = ECBC1C0428FFF1EC000E3F5A /* FlickrApp.app */;
			productType = "com.apple.product-type.application";
		};
		ECBC1C1328FFF1ED000E3F5A /* FlickrAppTests */ = {
			isa = PBXNativeTarget;
			buildConfigurationList = ECBC1C2B28FFF1ED000E3F5A /* Build configuration list for PBXNativeTarget "FlickrAppTests" */;
			buildPhases = (
				ECBC1C1028FFF1ED000E3F5A /* Sources */,
				ECBC1C1128FFF1ED000E3F5A /* Frameworks */,
				ECBC1C1228FFF1ED000E3F5A /* Resources */,
			);
			buildRules = (
			);
			dependencies = (
				ECBC1C1628FFF1ED000E3F5A /* PBXTargetDependency */,
			);
			name = FlickrAppTests;
			productName = FlickrAppTests;
			productReference = ECBC1C1428FFF1ED000E3F5A /* FlickrAppTests.xctest */;
			productType = "com.apple.product-type.bundle.unit-test";
		};
		ECBC1C1D28FFF1ED000E3F5A /* FlickrAppUITests */ = {
			isa = PBXNativeTarget;
			buildConfigurationList = ECBC1C2E28FFF1ED000E3F5A /* Build configuration list for PBXNativeTarget "FlickrAppUITests" */;
			buildPhases = (
				ECBC1C1A28FFF1ED000E3F5A /* Sources */,
				ECBC1C1B28FFF1ED000E3F5A /* Frameworks */,
				ECBC1C1C28FFF1ED000E3F5A /* Resources */,
			);
			buildRules = (
			);
			dependencies = (
				ECBC1C2028FFF1ED000E3F5A /* PBXTargetDependency */,
			);
			name = FlickrAppUITests;
			productName = FlickrAppUITests;
			productReference = ECBC1C1E28FFF1ED000E3F5A /* FlickrAppUITests.xctest */;
			productType = "com.apple.product-type.bundle.ui-testing";
		};
/* End PBXNativeTarget section */

/* Begin PBXProject section */
		ECBC1BFC28FFF1EC000E3F5A /* Project object */ = {
			isa = PBXProject;
			attributes = {
				BuildIndependentTargetsInParallel = 1;
				LastSwiftUpdateCheck = 1400;
				LastUpgradeCheck = 1400;
				TargetAttributes = {
					ECBC1C0328FFF1EC000E3F5A = {
						CreatedOnToolsVersion = 14.0.1;
					};
					ECBC1C1328FFF1ED000E3F5A = {
						CreatedOnToolsVersion = 14.0.1;
						TestTargetID = ECBC1C0328FFF1EC000E3F5A;
					};
					ECBC1C1D28FFF1ED000E3F5A = {
						CreatedOnToolsVersion = 14.0.1;
						TestTargetID = ECBC1C0328FFF1EC000E3F5A;
					};
				};
			};
			buildConfigurationList = ECBC1BFF28FFF1EC000E3F5A /* Build configuration list for PBXProject "FlickrApp" */;
			compatibilityVersion = "Xcode 14.0";
			developmentRegion = en;
			hasScannedForEncodings = 0;
			knownRegions = (
				en,
				Base,
			);
			mainGroup = ECBC1BFB28FFF1EC000E3F5A;
			productRefGroup = ECBC1C0528FFF1EC000E3F5A /* Products */;
			projectDirPath = "";
			projectRoot = "";
			targets = (
				ECBC1C0328FFF1EC000E3F5A /* FlickrApp */,
				ECBC1C1328FFF1ED000E3F5A /* FlickrAppTests */,
				ECBC1C1D28FFF1ED000E3F5A /* FlickrAppUITests */,
			);
		};
/* End PBXProject section */

/* Begin PBXResourcesBuildPhase section */
		ECBC1C0228FFF1EC000E3F5A /* Resources */ = {
			isa = PBXResourcesBuildPhase;
			buildActionMask = 2147483647;
			files = (
				ECBC1C0F28FFF1ED000E3F5A /* Preview Assets.xcassets in Resources */,
				ECBC1C0C28FFF1ED000E3F5A /* Assets.xcassets in Resources */,
			);
			runOnlyForDeploymentPostprocessing = 0;
		};
		ECBC1C1228FFF1ED000E3F5A /* Resources */ = {
			isa = PBXResourcesBuildPhase;
			buildActionMask = 2147483647;
			files = (
			);
			runOnlyForDeploymentPostprocessing = 0;
		};
		ECBC1C1C28FFF1ED000E3F5A /* Resources */ = {
			isa = PBXResourcesBuildPhase;
			buildActionMask = 2147483647;
			files = (
			);
			runOnlyForDeploymentPostprocessing = 0;
		};
/* End PBXResourcesBuildPhase section */

/* Begin PBXSourcesBuildPhase section */
		ECBC1C0028FFF1EC000E3F5A /* Sources */ = {
			isa = PBXSourcesBuildPhase;
			buildActionMask = 2147483647;
			files = (
				ECBC1C0A28FFF1EC000E3F5A /* ContentView.swift in Sources */,
				ECBC1C0828FFF1EC000E3F5A /* FlickrAppApp.swift in Sources */,
			);
			runOnlyForDeploymentPostprocessing = 0;
		};
		ECBC1C1028FFF1ED000E3F5A /* Sources */ = {
			isa = PBXSourcesBuildPhase;
			buildActionMask = 2147483647;
			files = (
				ECBC1C1928FFF1ED000E3F5A /* FlickrAppTests.swift in Sources */,
			);
			runOnlyForDeploymentPostprocessing = 0;
		};
		ECBC1C1A28FFF1ED000E3F5A /* Sources */ = {
			isa = PBXSourcesBuildPhase;
			buildActionMask = 2147483647;
			files = (
				ECBC1C2328FFF1ED000E3F5A /* FlickrAppUITests.swift in Sources */,
				ECBC1C2528FFF1ED000E3F5A /* FlickrAppUITestsLaunchTests.swift in Sources */,
			);
			runOnlyForDeploymentPostprocessing = 0;
		};
/* End PBXSourcesBuildPhase section */

/* Begin PBXTargetDependency section */
		ECBC1C1628FFF1ED000E3F5A /* PBXTargetDependency */ = {
			isa = PBXTargetDependency;
			target = ECBC1C0328FFF1EC000E3F5A /* FlickrApp */;
			targetProxy = ECBC1C1528FFF1ED000E3F5A /* PBXContainerItemProxy */;
		};
		ECBC1C2028FFF1ED000E3F5A /* PBXTargetDependency */ = {
			isa = PBXTargetDependency;
			target = ECBC1C0328FFF1EC000E3F5A /* FlickrApp */;
			targetProxy = ECBC1C1F28FFF1ED000E3F5A /* PBXContainerItemProxy */;
		};
/* End PBXTargetDependency section */

/* Begin XCBuildConfiguration section */
		ECBC1C2628FFF1ED000E3F5A /* Debug */ = {
			isa = XCBuildConfiguration;
			buildSettings = {
				ALWAYS_SEARCH_USER_PATHS = NO;
				CLANG_ANALYZER_NONNULL = YES;
				CLANG_ANALYZER_NUMBER_OBJECT_CONVERSION = YES_AGGRESSIVE;
				CLANG_CXX_LANGUAGE_STANDARD = "gnu++20";
				CLANG_ENABLE_MODULES = YES;
				CLANG_ENABLE_OBJC_ARC = YES;
				CLANG_ENABLE_OBJC_WEAK = YES;
				CLANG_WARN_BLOCK_CAPTURE_AUTORELEASING = YES;
				CLANG_WARN_BOOL_CONVERSION = YES;
				CLANG_WARN_COMMA = YES;
				CLANG_WARN_CONSTANT_CONVERSION = YES;
				CLANG_WARN_DEPRECATED_OBJC_IMPLEMENTATIONS = YES;
				CLANG_WARN_DIRECT_OBJC_ISA_USAGE = YES_ERROR;
				CLANG_WARN_DOCUMENTATION_COMMENTS = YES;
				CLANG_WARN_EMPTY_BODY = YES;
				CLANG_WARN_ENUM_CONVERSION = YES;
				CLANG_WARN_INFINITE_RECURSION = YES;
				CLANG_WARN_INT_CONVERSION = YES;
				CLANG_WARN_NON_LITERAL_NULL_CONVERSION = YES;
				CLANG_WARN_OBJC_IMPLICIT_RETAIN_SELF = YES;
				CLANG_WARN_OBJC_LITERAL_CONVERSION = YES;
				CLANG_WARN_OBJC_ROOT_CLASS = YES_ERROR;
				CLANG_WARN_QUOTED_INCLUDE_IN_FRAMEWORK_HEADER = YES;
				CLANG_WARN_RANGE_LOOP_ANALYSIS = YES;
				CLANG_WARN_STRICT_PROTOTYPES = YES;
				CLANG_WARN_SUSPICIOUS_MOVE = YES;
				CLANG_WARN_UNGUARDED_AVAILABILITY = YES_AGGRESSIVE;
				CLANG_WARN_UNREACHABLE_CODE = YES;
				CLANG_WARN__DUPLICATE_METHOD_MATCH = YES;
				COPY_PHASE_STRIP = NO;
				DEBUG_INFORMATION_FORMAT = dwarf;
				ENABLE_STRICT_OBJC_MSGSEND = YES;
				ENABLE_TESTABILITY = YES;
				GCC_C_LANGUAGE_STANDARD = gnu11;
				GCC_DYNAMIC_NO_PIC = NO;
				GCC_NO_COMMON_BLOCKS = YES;
				GCC_OPTIMIZATION_LEVEL = 0;
				GCC_PREPROCESSOR_DEFINITIONS = (
					"DEBUG=1",
					"$(inherited)",
				);
				GCC_WARN_64_TO_32_BIT_CONVERSION = YES;
				GCC_WARN_ABOUT_RETURN_TYPE = YES_ERROR;
				GCC_WARN_UNDECLARED_SELECTOR = YES;
				GCC_WARN_UNINITIALIZED_AUTOS = YES_AGGRESSIVE;
				GCC_WARN_UNUSED_FUNCTION = YES;
				GCC_WARN_UNUSED_VARIABLE = YES;
				IPHONEOS_DEPLOYMENT_TARGET = 16.0;
				MTL_ENABLE_DEBUG_INFO = INCLUDE_SOURCE;
				MTL_FAST_MATH = YES;
				ONLY_ACTIVE_ARCH = YES;
				SDKROOT = iphoneos;
				SWIFT_ACTIVE_COMPILATION_CONDITIONS = DEBUG;
				SWIFT_OPTIMIZATION_LEVEL = "-Onone";
			};
			name = Debug;
		};
		ECBC1C2728FFF1ED000E3F5A /* Release */ = {
			isa = XCBuildConfiguration;
			buildSettings = {
				ALWAYS_SEARCH_USER_PATHS = NO;
				CLANG_ANALYZER_NONNULL = YES;
				CLANG_ANALYZER_NUMBER_OBJECT_CONVERSION = YES_AGGRESSIVE;
				CLANG_CXX_LANGUAGE_STANDARD = "gnu++20";
				CLANG_ENABLE_MODULES = YES;
				CLANG_ENABLE_OBJC_ARC = YES;
				CLANG_ENABLE_OBJC_WEAK = YES;
				CLANG_WARN_BLOCK_CAPTURE_AUTORELEASING = YES;
				CLANG_WARN_BOOL_CONVERSION = YES;
				CLANG_WARN_COMMA = YES;
				CLANG_WARN_CONSTANT_CONVERSION = YES;
				CLANG_WARN_DEPRECATED_OBJC_IMPLEMENTATIONS = YES;
				CLANG_WARN_DIRECT_OBJC_ISA_USAGE = YES_ERROR;
				CLANG_WARN_DOCUMENTATION_COMMENTS = YES;
				CLANG_WARN_EMPTY_BODY = YES;
				CLANG_WARN_ENUM_CONVERSION = YES;
				CLANG_WARN_INFINITE_RECURSION = YES;
				CLANG_WARN_INT_CONVERSION = YES;
				CLANG_WARN_NON_LITERAL_NULL_CONVERSION = YES;
				CLANG_WARN_OBJC_IMPLICIT_RETAIN_SELF = YES;
				CLANG_WARN_OBJC_LITERAL_CONVERSION = YES;
				CLANG_WARN_OBJC_ROOT_CLASS = YES_ERROR;
				CLANG_WARN_QUOTED_INCLUDE_IN_FRAMEWORK_HEADER = YES;
				CLANG_WARN_RANGE_LOOP_ANALYSIS = YES;
				CLANG_WARN_STRICT_PROTOTYPES = YES;
				CLANG_WARN_SUSPICIOUS_MOVE = YES;
				CLANG_WARN_UNGUARDED_AVAILABILITY = YES_AGGRESSIVE;
				CLANG_WARN_UNREACHABLE_CODE = YES;
				CLANG_WARN__DUPLICATE_METHOD_MATCH = YES;
				COPY_PHASE_STRIP = NO;
				DEBUG_INFORMATION_FORMAT = "dwarf-with-dsym";
				ENABLE_NS_ASSERTIONS = NO;
				ENABLE_STRICT_OBJC_MSGSEND = YES;
				GCC_C_LANGUAGE_STANDARD = gnu11;
				GCC_NO_COMMON_BLOCKS = YES;
				GCC_WARN_64_TO_32_BIT_CONVERSION = YES;
				GCC_WARN_ABOUT_RETURN_TYPE = YES_ERROR;
				GCC_WARN_UNDECLARED_SELECTOR = YES;
				GCC_WARN_UNINITIALIZED_AUTOS = YES_AGGRESSIVE;
				GCC_WARN_UNUSED_FUNCTION = YES;
				GCC_WARN_UNUSED_VARIABLE = YES;
				IPHONEOS_DEPLOYMENT_TARGET = 16.0;
				MTL_ENABLE_DEBUG_INFO = NO;
				MTL_FAST_MATH = YES;
				SDKROOT = iphoneos;
				SWIFT_COMPILATION_MODE = wholemodule;
				SWIFT_OPTIMIZATION_LEVEL = "-O";
				VALIDATE_PRODUCT = YES;
			};
			name = Release;
		};
		ECBC1C2928FFF1ED000E3F5A /* Debug */ = {
			isa = XCBuildConfiguration;
			buildSettings = {
				ASSETCATALOG_COMPILER_APPICON_NAME = AppIcon;
				ASSETCATALOG_COMPILER_GLOBAL_ACCENT_COLOR_NAME = AccentColor;
				CODE_SIGN_STYLE = Automatic;
				CURRENT_PROJECT_VERSION = 1;
				DEVELOPMENT_ASSET_PATHS = "\"FlickrApp/Preview Content\"";
				ENABLE_PREVIEWS = YES;
				GENERATE_INFOPLIST_FILE = YES;
				INFOPLIST_KEY_UIApplicationSceneManifest_Generation = YES;
				INFOPLIST_KEY_UIApplicationSupportsIndirectInputEvents = YES;
				INFOPLIST_KEY_UILaunchScreen_Generation = YES;
				INFOPLIST_KEY_UISupportedInterfaceOrientations_iPad = "UIInterfaceOrientationPortrait UIInterfaceOrientationPortraitUpsideDown UIInterfaceOrientationLandscapeLeft UIInterfaceOrientationLandscapeRight";
				INFOPLIST_KEY_UISupportedInterfaceOrientations_iPhone = "UIInterfaceOrientationPortrait UIInterfaceOrientationLandscapeLeft UIInterfaceOrientationLandscapeRight";
				LD_RUNPATH_SEARCH_PATHS = (
					"$(inherited)",
					"@executable_path/Frameworks",
				);
				MARKETING_VERSION = 1.0;
				PRODUCT_BUNDLE_IDENTIFIER = app.FlickrApp;
				PRODUCT_NAME = "$(TARGET_NAME)";
				SWIFT_EMIT_LOC_STRINGS = YES;
				SWIFT_VERSION = 5.0;
				TARGETED_DEVICE_FAMILY = "1,2";
			};
			name = Debug;
		};
		ECBC1C2A28FFF1ED000E3F5A /* Release */ = {
			isa = XCBuildConfiguration;
			buildSettings = {
				ASSETCATALOG_COMPILER_APPICON_NAME = AppIcon;
				ASSETCATALOG_COMPILER_GLOBAL_ACCENT_COLOR_NAME = AccentColor;
				CODE_SIGN_STYLE = Automatic;
				CURRENT_PROJECT_VERSION = 1;
				DEVELOPMENT_ASSET_PATHS = "\"FlickrApp/Preview Content\"";
				ENABLE_PREVIEWS = YES;
				GENERATE_INFOPLIST_FILE = YES;
				INFOPLIST_KEY_UIApplicationSceneManifest_Generation = YES;
				INFOPLIST_KEY_UIApplicationSupportsIndirectInputEvents = YES;
				INFOPLIST_KEY_UILaunchScreen_Generation = YES;
				INFOPLIST_KEY_UISupportedInterfaceOrientations_iPad = "UIInterfaceOrientationPortrait UIInterfaceOrientationPortraitUpsideDown UIInterfaceOrientationLandscapeLeft UIInterfaceOrientationLandscapeRight";
				INFOPLIST_KEY_UISupportedInterfaceOrientations_iPhone = "UIInterfaceOrientationPortrait UIInterfaceOrientationLandscapeLeft UIInterfaceOrientationLandscapeRight";
				LD_RUNPATH_SEARCH_PATHS = (
					"$(inherited)",
					"@executable_path/Frameworks",
				);
				MARKETING_VERSION = 1.0;
				PRODUCT_BUNDLE_IDENTIFIER = app.FlickrApp;
				PRODUCT_NAME = "$(TARGET_NAME)";
				SWIFT_EMIT_LOC_STRINGS = YES;
				SWIFT_VERSION = 5.0;
				TARGETED_DEVICE_FAMILY = "1,2";
			};
			name = Release;
		};
		ECBC1C2C28FFF1ED000E3F5A /* Debug */ = {
			isa = XCBuildConfiguration;
			buildSettings = {
				ALWAYS_EMBED_SWIFT_STANDARD_LIBRARIES = YES;
				BUNDLE_LOADER = "$(TEST_HOST)";
				CODE_SIGN_STYLE = Automatic;
				CURRENT_PROJECT_VERSION = 1;
				GENERATE_INFOPLIST_FILE = YES;
				IPHONEOS_DEPLOYMENT_TARGET = 16.0;
				MARKETING_VERSION = 1.0;
				PRODUCT_BUNDLE_IDENTIFIER = app.FlickrAppTests;
				PRODUCT_NAME = "$(TARGET_NAME)";
				SWIFT_EMIT_LOC_STRINGS = NO;
				SWIFT_VERSION = 5.0;
				TARGETED_DEVICE_FAMILY = "1,2";
				TEST_HOST = "$(BUILT_PRODUCTS_DIR)/FlickrApp.app/$(BUNDLE_EXECUTABLE_FOLDER_PATH)/FlickrApp";
			};
			name = Debug;
		};
		ECBC1C2D28FFF1ED000E3F5A /* Release */ = {
			isa = XCBuildConfiguration;
			buildSettings = {
				ALWAYS_EMBED_SWIFT_STANDARD_LIBRARIES = YES;
				BUNDLE_LOADER = "$(TEST_HOST)";
				CODE_SIGN_STYLE = Automatic;
				CURRENT_PROJECT_VERSION = 1;
				GENERATE_INFOPLIST_FILE = YES;
				IPHONEOS_DEPLOYMENT_TARGET = 16.0;
				MARKETING_VERSION = 1.0;
				PRODUCT_BUNDLE_IDENTIFIER = app.FlickrAppTests;
				PRODUCT_NAME = "$(TARGET_NAME)";
				SWIFT_EMIT_LOC_STRINGS = NO;
				SWIFT_VERSION = 5.0;
				TARGETED_DEVICE_FAMILY = "1,2";
				TEST_HOST = "$(BUILT_PRODUCTS_DIR)/FlickrApp.app/$(BUNDLE_EXECUTABLE_FOLDER_PATH)/FlickrApp";
			};
			name = Release;
		};
		ECBC1C2F28FFF1ED000E3F5A /* Debug */ = {
			isa = XCBuildConfiguration;
			buildSettings = {
				ALWAYS_EMBED_SWIFT_STANDARD_LIBRARIES = YES;
				CODE_SIGN_STYLE = Automatic;
				CURRENT_PROJECT_VERSION = 1;
				GENERATE_INFOPLIST_FILE = YES;
				MARKETING_VERSION = 1.0;
				PRODUCT_BUNDLE_IDENTIFIER = app.FlickrAppUITests;
				PRODUCT_NAME = "$(TARGET_NAME)";
				SWIFT_EMIT_LOC_STRINGS = NO;
				SWIFT_VERSION = 5.0;
				TARGETED_DEVICE_FAMILY = "1,2";
				TEST_TARGET_NAME = FlickrApp;
			};
			name = Debug;
		};
		ECBC1C3028FFF1ED000E3F5A /* Release */ = {
			isa = XCBuildConfiguration;
			buildSettings = {
				ALWAYS_EMBED_SWIFT_STANDARD_LIBRARIES = YES;
				CODE_SIGN_STYLE = Automatic;
				CURRENT_PROJECT_VERSION = 1;
				GENERATE_INFOPLIST_FILE = YES;
				MARKETING_VERSION = 1.0;
				PRODUCT_BUNDLE_IDENTIFIER = app.FlickrAppUITests;
				PRODUCT_NAME = "$(TARGET_NAME)";
				SWIFT_EMIT_LOC_STRINGS = NO;
				SWIFT_VERSION = 5.0;
				TARGETED_DEVICE_FAMILY = "1,2";
				TEST_TARGET_NAME = FlickrApp;
			};
			name = Release;
		};
/* End XCBuildConfiguration section */

/* Begin XCConfigurationList section */
		ECBC1BFF28FFF1EC000E3F5A /* Build configuration list for PBXProject "FlickrApp" */ = {
			isa = XCConfigurationList;
			buildConfigurations = (
				ECBC1C2628FFF1ED000E3F5A /* Debug */,
				ECBC1C2728FFF1ED000E3F5A /* Release */,
			);
			defaultConfigurationIsVisible = 0;
			defaultConfigurationName = Release;
		};
		ECBC1C2828FFF1ED000E3F5A /* Build configuration list for PBXNativeTarget "FlickrApp" */ = {
			isa = XCConfigurationList;
			buildConfigurations = (
				ECBC1C2928FFF1ED000E3F5A /* Debug */,
				ECBC1C2A28FFF1ED000E3F5A /* Release */,
			);
			defaultConfigurationIsVisible = 0;
			defaultConfigurationName = Release;
		};
		ECBC1C2B28FFF1ED000E3F5A /* Build configuration list for PBXNativeTarget "FlickrAppTests" */ = {
			isa = XCConfigurationList;
			buildConfigurations = (
				ECBC1C2C28FFF1ED000E3F5A /* Debug */,
				ECBC1C2D28FFF1ED000E3F5A /* Release */,
			);
			defaultConfigurationIsVisible = 0;
			defaultConfigurationName = Release;
		};
		ECBC1C2E28FFF1ED000E3F5A /* Build configuration list for PBXNativeTarget "FlickrAppUITests" */ = {
			isa = XCConfigurationList;
			buildConfigurations = (
				ECBC1C2F28FFF1ED000E3F5A /* Debug */,
				ECBC1C3028FFF1ED000E3F5A /* Release */,
			);
			defaultConfigurationIsVisible = 0;
			defaultConfigurationName = Release;
		};
/* End XCConfigurationList section */
	};
	rootObject = ECBC1BFC28FFF1EC000E3F5A /* Project object */;
}
